{
  "nodes": {
    "alejandra": {
      "inputs": {
        "flakeCompat": "flakeCompat",
        "nixpkgs": [
          "nixpkgs"
        ]
      },
      "locked": {
        "lastModified": 1652973442,
        "narHash": "sha256-0AolxQtKj3Oek0WSbODDpPVO5Ih8PXHOA3qXEKPB4dQ=",
        "owner": "kamadorueda",
        "repo": "alejandra",
        "rev": "96deb34df50537b3542d3f4672018f452c0a0827",
        "type": "github"
      },
      "original": {
        "owner": "kamadorueda",
        "ref": "1.4.0",
        "repo": "alejandra",
        "type": "github"
      }
    },
    "base16-schemes": {
      "flake": false,
      "locked": {
        "lastModified": 1654895891,
        "narHash": "sha256-xYYmZkHnyLCUBAkqkZ7v1Lc5m39857MukQLMRtGuvdk=",
        "owner": "base16-project",
        "repo": "base16-schemes",
        "rev": "7c247f734eac7f04518c6e28d098635ee8dcabf5",
        "type": "github"
      },
      "original": {
        "owner": "base16-project",
        "repo": "base16-schemes",
        "type": "github"
      }
    },
    "cachix": {
      "locked": {
        "lastModified": 1656782578,
        "narHash": "sha256-1eMCBEqJplPotTo/SZ/t5HU6Sf2I8qKlZi9MX7jv9fw=",
        "owner": "nixos",
        "repo": "nixpkgs",
        "rev": "573603b7fdb9feb0eb8efc16ee18a015c667ab1b",
        "type": "github"
      },
      "original": {
        "owner": "nixos",
        "ref": "nixos-21.11",
        "repo": "nixpkgs",
        "type": "github"
      }
    },
    "flake-compat": {
      "flake": false,
      "locked": {
        "lastModified": 1650374568,
        "narHash": "sha256-Z+s0J8/r907g149rllvwhb4pKi8Wam5ij0st8PwAh+E=",
        "owner": "edolstra",
        "repo": "flake-compat",
        "rev": "b4a34015c698c7793d592d66adbab377907a2be8",
        "type": "github"
      },
      "original": {
        "owner": "edolstra",
        "repo": "flake-compat",
        "type": "github"
      }
    },
    "flake-utils": {
      "locked": {
        "lastModified": 1644229661,
        "narHash": "sha256-1YdnJAsNy69bpcjuoKdOYQX0YxZBiCYZo4Twxerqv7k=",
        "owner": "numtide",
        "repo": "flake-utils",
        "rev": "3cecb5b042f7f209c56ffd8371b2711a290ec797",
        "type": "github"
      },
      "original": {
        "owner": "numtide",
        "repo": "flake-utils",
        "type": "github"
      }
    },
    "flake-utils_2": {
      "locked": {
        "lastModified": 1656928814,
        "narHash": "sha256-RIFfgBuKz6Hp89yRr7+NR5tzIAbn52h8vT6vXkYjZoM=",
        "owner": "numtide",
        "repo": "flake-utils",
        "rev": "7e2a3b3dfd9af950a856d66b0a7d01e3c18aa249",
        "type": "github"
      },
      "original": {
        "owner": "numtide",
        "repo": "flake-utils",
        "type": "github"
      }
    },
    "flakeCompat": {
      "flake": false,
      "locked": {
        "lastModified": 1648199409,
        "narHash": "sha256-JwPKdC2PoVBkG6E+eWw3j6BMR6sL3COpYWfif7RVb8Y=",
        "owner": "edolstra",
        "repo": "flake-compat",
        "rev": "64a525ee38886ab9028e6f61790de0832aa3ef03",
        "type": "github"
      },
      "original": {
        "owner": "edolstra",
        "repo": "flake-compat",
        "type": "github"
      }
    },
    "home-manager": {
      "inputs": {
        "nixpkgs": [
          "nixpkgs"
        ],
        "utils": "utils"
      },
      "locked": {
        "lastModified": 1657396086,
        "narHash": "sha256-4cQ6hEuewWoFkTBlu211JGxPQQ1Zyli8oEq1cu7cVeA=",
        "owner": "nix-community",
        "repo": "home-manager",
        "rev": "c645cc9f82c7753450d1fa4d1bc73b64960a9d7a",
        "type": "github"
      },
      "original": {
        "owner": "nix-community",
        "repo": "home-manager",
        "type": "github"
      }
    },
    "lib-aggregate": {
      "inputs": {
        "flake-utils": "flake-utils_2",
        "nixpkgs-lib": "nixpkgs-lib"
      },
      "locked": {
        "lastModified": 1656936732,
        "narHash": "sha256-Kw6MHsCwki62sVCJFh4xqpFp1ZwV5Lo7WPLVhfp25cQ=",
        "owner": "nix-community",
        "repo": "lib-aggregate",
        "rev": "0edeac05cbd82efa98aec36c0773d83592998f81",
        "type": "github"
      },
      "original": {
        "owner": "nix-community",
        "repo": "lib-aggregate",
        "type": "github"
      }
    },
    "neovim-flake": {
      "inputs": {
        "flake-utils": "flake-utils",
        "nixpkgs": [
          "nixpkgs"
        ]
      },
      "locked": {
        "dir": "contrib",
        "lastModified": 1657466803,
        "narHash": "sha256-9WceMMKppZI/Z0bP0b7a+BzQIuieH8MNAk3wcmZAiVU=",
        "owner": "neovim",
        "repo": "neovim",
        "rev": "95c65a6b221fe6e1cf91e8322e7d7571dc511a71",
        "type": "github"
      },
      "original": {
        "dir": "contrib",
        "owner": "neovim",
        "repo": "neovim",
        "type": "github"
      }
    },
    "nix-colors": {
      "inputs": {
        "base16-schemes": "base16-schemes"
      },
      "locked": {
        "lastModified": 1657130915,
        "narHash": "sha256-RmvKqcW6QujbbwT7LCoAWFVtqlTcN25W92ytu47QiU4=",
        "owner": "misterio77",
        "repo": "nix-colors",
        "rev": "d97b39696794be1ece13fd58996c9a102bc9a971",
        "type": "github"
      },
      "original": {
        "owner": "misterio77",
        "repo": "nix-colors",
        "type": "github"
      }
    },
    "nixpkgs": {
      "locked": {
        "lastModified": 1657356697,
        "narHash": "sha256-sT38tcx7m0Quz+Uj6jzx+yRa2+EVW2C3cE0FkROXUzQ=",
        "owner": "nixos",
        "repo": "nixpkgs",
        "rev": "87e7965bbcdbac3d103e3ed14ff04f719a4f7a58",
        "type": "github"
      },
      "original": {
        "owner": "nixos",
        "ref": "nixos-unstable",
        "repo": "nixpkgs",
        "type": "github"
      }
    },
    "nixpkgs-lib": {
      "locked": {
        "lastModified": 1656809537,
        "narHash": "sha256-pwXBYG3ThN4ccJjvcdNdonQ8Wyv0y/iYdnuesiFUY1U=",
        "owner": "nix-community",
        "repo": "nixpkgs.lib",
        "rev": "40e271f69106323734b55e2ba74f13bebde324c0",
        "type": "github"
      },
      "original": {
        "owner": "nix-community",
        "repo": "nixpkgs.lib",
        "type": "github"
      }
    },
    "nixpkgs-wayland": {
      "inputs": {
        "cachix": "cachix",
        "flake-compat": "flake-compat",
        "lib-aggregate": "lib-aggregate",
        "nixpkgs": [
          "nixpkgs"
        ]
      },
      "locked": {
        "lastModified": 1657385593,
        "narHash": "sha256-Y0mvXnPurtwOWuInBMVX7FPaGkuSfCYvBigc/H0vDsA=",
        "owner": "nix-community",
        "repo": "nixpkgs-wayland",
        "rev": "cea7dd5bcf1bdd0bd423b395698c7728fe007317",
        "type": "github"
      },
      "original": {
        "owner": "nix-community",
        "repo": "nixpkgs-wayland",
        "type": "github"
      }
    },
    "root": {
      "inputs": {
        "alejandra": "alejandra",
        "home-manager": "home-manager",
        "neovim-flake": "neovim-flake",
        "nix-colors": "nix-colors",
        "nixpkgs": "nixpkgs",
        "nixpkgs-wayland": "nixpkgs-wayland"
      }
    },
    "utils": {
      "locked": {
        "lastModified": 1653893745,
        "narHash": "sha256-0jntwV3Z8//YwuOjzhV2sgJJPt+HY6KhU7VZUL0fKZQ=",
        "owner": "numtide",
        "repo": "flake-utils",
        "rev": "1ed9fb1935d260de5fe1c2f7ee0ebaae17ed2fa1",
        "type": "github"
      },
      "original": {
        "owner": "numtide",
        "repo": "flake-utils",
        "type": "github"
      }
    }
  },
  "root": "root",
  "version": 7
}
